PODS:
  - AudioKit (4.2.5):
    - AudioKit/UI (= 4.2.5)
  - AudioKit/UI (4.2.5)

DEPENDENCIES:
  - AudioKit

SPEC REPOS:
  https://github.com/AudioKit/Specs.git:
    - AudioKit

SPEC CHECKSUMS:
  AudioKit: 05b099dd3678b0898d69a56714858b3e8a79b92a

PODFILE CHECKSUM: de82c77760dd665611510bc26f930e7111d7b274

COCOAPODS: 1.5.0
